github.com/jasontconnell/advent v1.0.3 h1:OWXPJRUGg3+yglJsFVeefdnmNTQumumunEIKCBM4/QM=
github.com/jasontconnell/advent v1.0.3/go.mod h1:xmETuR7lFDuJy0EKTHesaXJLzRfkwtbf1x6+SUXwHbY=
github.com/jasontconnell/advent/2019 v0.0.0-20211205184312-b39c8071e4a5 h1:WrFi7bV/6hUhOz3T2eZP8OVMLDUVIZJhdyjeGG5fuvU=
github.com/jasontconnell/advent/2019 v0.0.0-20211205184312-b39c8071e4a5/go.mod h1:meG353Ynx7pvEUNPR1Wkg3TwB5f/0iTiOdHBC+Fxk2E=
